
Microsoft Visual Studio Solution File, Format Version 12.00
# Visual Studio Version 17
VisualStudioVersion = 17.7.34202.233
MinimumVisualStudioVersion = 10.0.40219.1
Project("{9A19103F-16F7-4668-BE54-9A1E7A4F7556}") = "Stage0", "Stage0\Stage0.csproj", "{DC55F352-D41B-41C9-BBC3-E8C27D03AF64}"
EndProject
Project("{2150E333-8FDC-42A3-9474-1A3956D46DE8}") = "Solution Items", "Solution Items", "{0E872AEB-E5F0-469B-B96B-D5DB60CBAB18}"
	ProjectSection(SolutionItems) = preProject
		README.md = README.md
	EndProjectSection
EndProject
Project("{9A19103F-16F7-4668-BE54-9A1E7A4F7556}") = "DalFacade", "DalFacade\DalFacade.csproj", "{1D891FE2-AE9C-4893-9F5A-F91359AEB01D}"
EndProject
Project("{9A19103F-16F7-4668-BE54-9A1E7A4F7556}") = "DalList", "DalList\DalList.csproj", "{972BE9ED-13C9-4D60-B368-633B353A9DF6}"
EndProject
Project("{9A19103F-16F7-4668-BE54-9A1E7A4F7556}") = "DalTest", "DalTest\DalTest.csproj", "{D5EF79D7-F8D6-4EC8-86F6-6C5B6547666C}"
EndProject
Project("{9A19103F-16F7-4668-BE54-9A1E7A4F7556}") = "DalXml", "DalXml\DalXml.csproj", "{F06A8B3C-479C-4FF2-89C0-8D81A6E3382C}"
EndProject
Project("{2150E333-8FDC-42A3-9474-1A3956D46DE8}") = "xml", "xml", "{458B7C10-51DE-4BFE-97AF-2E9FF3B7DC79}"
	ProjectSection(SolutionItems) = preProject
		xml\dal-config.xml = xml\dal-config.xml
		xml\data-config.xml = xml\data-config.xml
		xml\dependencies.xml = xml\dependencies.xml
		xml\engineers.xml = xml\engineers.xml
		xml\tasks.xml = xml\tasks.xml
	EndProjectSection
EndProject
Project("{9A19103F-16F7-4668-BE54-9A1E7A4F7556}") = "BL", "BL\BL.csproj", "{60E8DB59-6319-4B31-92E5-0473AA61E54F}"
EndProject
Project("{9A19103F-16F7-4668-BE54-9A1E7A4F7556}") = "BlTest", "BlTest\BlTest.csproj", "{20D194F3-0644-49E9-BC3F-D0595E093CC2}"
EndProject
Project("{FAE04EC0-301F-11D3-BF4B-00C04F79EFBC}") = "PL", "PL\PL.csproj", "{61CC1025-7781-4CD8-980E-F38C144016DC}"
EndProject
Global
	GlobalSection(SolutionConfigurationPlatforms) = preSolution
		Debug|Any CPU = Debug|Any CPU
		Release|Any CPU = Release|Any CPU
	EndGlobalSection
	GlobalSection(ProjectConfigurationPlatforms) = postSolution
		{DC55F352-D41B-41C9-BBC3-E8C27D03AF64}.Debug|Any CPU.ActiveCfg = Debug|Any CPU
		{DC55F352-D41B-41C9-BBC3-E8C27D03AF64}.Debug|Any CPU.Build.0 = Debug|Any CPU
		{DC55F352-D41B-41C9-BBC3-E8C27D03AF64}.Release|Any CPU.ActiveCfg = Release|Any CPU
		{DC55F352-D41B-41C9-BBC3-E8C27D03AF64}.Release|Any CPU.Build.0 = Release|Any CPU
		{1D891FE2-AE9C-4893-9F5A-F91359AEB01D}.Debug|Any CPU.ActiveCfg = Debug|Any CPU
		{1D891FE2-AE9C-4893-9F5A-F91359AEB01D}.Debug|Any CPU.Build.0 = Debug|Any CPU
		{1D891FE2-AE9C-4893-9F5A-F91359AEB01D}.Release|Any CPU.ActiveCfg = Release|Any CPU
		{1D891FE2-AE9C-4893-9F5A-F91359AEB01D}.Release|Any CPU.Build.0 = Release|Any CPU
		{972BE9ED-13C9-4D60-B368-633B353A9DF6}.Debug|Any CPU.ActiveCfg = Debug|Any CPU
		{972BE9ED-13C9-4D60-B368-633B353A9DF6}.Debug|Any CPU.Build.0 = Debug|Any CPU
		{972BE9ED-13C9-4D60-B368-633B353A9DF6}.Release|Any CPU.ActiveCfg = Release|Any CPU
		{972BE9ED-13C9-4D60-B368-633B353A9DF6}.Release|Any CPU.Build.0 = Release|Any CPU
		{D5EF79D7-F8D6-4EC8-86F6-6C5B6547666C}.Debug|Any CPU.ActiveCfg = Debug|Any CPU
		{D5EF79D7-F8D6-4EC8-86F6-6C5B6547666C}.Debug|Any CPU.Build.0 = Debug|Any CPU
		{D5EF79D7-F8D6-4EC8-86F6-6C5B6547666C}.Release|Any CPU.ActiveCfg = Release|Any CPU
		{D5EF79D7-F8D6-4EC8-86F6-6C5B6547666C}.Release|Any CPU.Build.0 = Release|Any CPU
		{F06A8B3C-479C-4FF2-89C0-8D81A6E3382C}.Debug|Any CPU.ActiveCfg = Debug|Any CPU
		{F06A8B3C-479C-4FF2-89C0-8D81A6E3382C}.Debug|Any CPU.Build.0 = Debug|Any CPU
		{F06A8B3C-479C-4FF2-89C0-8D81A6E3382C}.Release|Any CPU.ActiveCfg = Release|Any CPU
		{F06A8B3C-479C-4FF2-89C0-8D81A6E3382C}.Release|Any CPU.Build.0 = Release|Any CPU
		{60E8DB59-6319-4B31-92E5-0473AA61E54F}.Debug|Any CPU.ActiveCfg = Debug|Any CPU
		{60E8DB59-6319-4B31-92E5-0473AA61E54F}.Debug|Any CPU.Build.0 = Debug|Any CPU
		{60E8DB59-6319-4B31-92E5-0473AA61E54F}.Release|Any CPU.ActiveCfg = Release|Any CPU
		{60E8DB59-6319-4B31-92E5-0473AA61E54F}.Release|Any CPU.Build.0 = Release|Any CPU
		{20D194F3-0644-49E9-BC3F-D0595E093CC2}.Debug|Any CPU.ActiveCfg = Debug|Any CPU
		{20D194F3-0644-49E9-BC3F-D0595E093CC2}.Debug|Any CPU.Build.0 = Debug|Any CPU
		{20D194F3-0644-49E9-BC3F-D0595E093CC2}.Release|Any CPU.ActiveCfg = Release|Any CPU
		{20D194F3-0644-49E9-BC3F-D0595E093CC2}.Release|Any CPU.Build.0 = Release|Any CPU
		{61CC1025-7781-4CD8-980E-F38C144016DC}.Debug|Any CPU.ActiveCfg = Debug|Any CPU
		{61CC1025-7781-4CD8-980E-F38C144016DC}.Debug|Any CPU.Build.0 = Debug|Any CPU
		{61CC1025-7781-4CD8-980E-F38C144016DC}.Release|Any CPU.ActiveCfg = Release|Any CPU
		{61CC1025-7781-4CD8-980E-F38C144016DC}.Release|Any CPU.Build.0 = Release|Any CPU
	EndGlobalSection
	GlobalSection(SolutionProperties) = preSolution
		HideSolutionNode = FALSE
	EndGlobalSection
	GlobalSection(ExtensibilityGlobals) = postSolution
		SolutionGuid = {E79A76FD-73AF-4061-9A9A-268DE50B1B31}
	EndGlobalSection
EndGlobal
